{
  "pins" : [
    {
      "identity" : "projectautomation",
      "kind" : "remoteSourceControl",
      "location" : "https://github.com/tuist/ProjectAutomation",
      "state" : {
        "revision" : "05be066df7c8bc6c73b3e2aa4f4dc192b9e5df56",
        "version" : "3.14.0"
      }
    },
    {
      "identity" : "swift-argument-parser",
      "kind" : "remoteSourceControl",
      "location" : "https://github.com/apple/swift-argument-parser",
      "state" : {
        "revision" : "fddd1c00396eed152c45a46bea9f47b98e59301d",
        "version" : "1.2.0"
      }
    },
    {
      "identity" : "swift-system",
      "kind" : "remoteSourceControl",
      "location" : "https://github.com/apple/swift-system.git",
      "state" : {
        "revision" : "836bc4557b74fe6d2660218d56e3ce96aff76574",
        "version" : "1.1.1"
      }
    },
    {
      "identity" : "swift-tools-support-core",
      "kind" : "remoteSourceControl",
      "location" : "https://github.com/apple/swift-tools-support-core.git",
      "state" : {
        "revision" : "4f07be3dc201f6e2ee85b6942d0c220a16926811",
        "version" : "0.2.7"
      }
    }
  ],
  "version" : 2
}
